
Microsoft Visual Studio Solution File, Format Version 12.00
# Visual Studio Version 17
VisualStudioVersion = 17.3.32804.467
MinimumVisualStudioVersion = 10.0.40219.1
Project("{9A19103F-16F7-4668-BE54-9A1E7A4F7556}") = "Semesterprojekt Datenbank", "Semesterprojekt Datenbank\Semesterprojekt Datenbank.csproj", "{9DE3379B-AEAB-4D37-A500-2E76C109DCDD}"
EndProject
Project("{9A19103F-16F7-4668-BE54-9A1E7A4F7556}") = "DBS View", "DBS View\DBS View.csproj", "{560AA30F-46C5-4AE6-B779-484755DCAB5C}"
EndProject
Project("{9A19103F-16F7-4668-BE54-9A1E7A4F7556}") = "CustomerTests", "Testing\CustomerTests.csproj", "{E06742D7-6E9F-4708-9F93-FDD22F01872E}"
EndProject
Project("{FAE04EC0-301F-11D3-BF4B-00C04F79EFBC}") = "InvoiceTests", "TestProject1\InvoiceTests.csproj", "{8FD18B33-AE54-44C8-B9D9-99165CBDA761}"
EndProject
Global
	GlobalSection(SolutionConfigurationPlatforms) = preSolution
		Debug|Any CPU = Debug|Any CPU
		Release|Any CPU = Release|Any CPU
	EndGlobalSection
	GlobalSection(ProjectConfigurationPlatforms) = postSolution
		{9DE3379B-AEAB-4D37-A500-2E76C109DCDD}.Debug|Any CPU.ActiveCfg = Debug|Any CPU
		{9DE3379B-AEAB-4D37-A500-2E76C109DCDD}.Debug|Any CPU.Build.0 = Debug|Any CPU
		{9DE3379B-AEAB-4D37-A500-2E76C109DCDD}.Release|Any CPU.ActiveCfg = Release|Any CPU
		{9DE3379B-AEAB-4D37-A500-2E76C109DCDD}.Release|Any CPU.Build.0 = Release|Any CPU
		{560AA30F-46C5-4AE6-B779-484755DCAB5C}.Debug|Any CPU.ActiveCfg = Debug|Any CPU
		{560AA30F-46C5-4AE6-B779-484755DCAB5C}.Debug|Any CPU.Build.0 = Debug|Any CPU
		{560AA30F-46C5-4AE6-B779-484755DCAB5C}.Release|Any CPU.ActiveCfg = Release|Any CPU
		{560AA30F-46C5-4AE6-B779-484755DCAB5C}.Release|Any CPU.Build.0 = Release|Any CPU
		{E06742D7-6E9F-4708-9F93-FDD22F01872E}.Debug|Any CPU.ActiveCfg = Debug|Any CPU
		{E06742D7-6E9F-4708-9F93-FDD22F01872E}.Debug|Any CPU.Build.0 = Debug|Any CPU
		{E06742D7-6E9F-4708-9F93-FDD22F01872E}.Release|Any CPU.ActiveCfg = Release|Any CPU
		{E06742D7-6E9F-4708-9F93-FDD22F01872E}.Release|Any CPU.Build.0 = Release|Any CPU
		{8FD18B33-AE54-44C8-B9D9-99165CBDA761}.Debug|Any CPU.ActiveCfg = Debug|Any CPU
		{8FD18B33-AE54-44C8-B9D9-99165CBDA761}.Debug|Any CPU.Build.0 = Debug|Any CPU
		{8FD18B33-AE54-44C8-B9D9-99165CBDA761}.Release|Any CPU.ActiveCfg = Release|Any CPU
		{8FD18B33-AE54-44C8-B9D9-99165CBDA761}.Release|Any CPU.Build.0 = Release|Any CPU
	EndGlobalSection
	GlobalSection(SolutionProperties) = preSolution
		HideSolutionNode = FALSE
	EndGlobalSection
	GlobalSection(ExtensibilityGlobals) = postSolution
		SolutionGuid = {8028B221-29D5-44C7-9DA6-385798429595}
	EndGlobalSection
EndGlobal
